
Microsoft Visual Studio Solution File, Format Version 12.00
# Visual Studio 15
Project("{FAE04EC0-301F-11D3-BF4B-00C04F79EFBC}") = "BlockchainService.Abstractions", "BlockchainService.Abstractions\BlockchainService.Abstractions.csproj", "{8B19DCCC-1BE2-4BDC-B444-1EE7A8FBB923}"
EndProject
Project("{FAE04EC0-301F-11D3-BF4B-00C04F79EFBC}") = "BlockchainService.BlockCypher", "BlockchainService.BlockCypher\BlockchainService.BlockCypher.csproj", "{2BCB79E1-5AEC-44AE-951A-0AD7B3E9591D}"
EndProject
Project("{FAE04EC0-301F-11D3-BF4B-00C04F79EFBC}") = "BlockchainService.BlockCypher.Tests", "BlockchainService.BlockCypher.Tests\BlockchainService.BlockCypher.Tests.csproj", "{0C85D08D-CC73-43C4-84F2-8A97809F77D6}"
EndProject
Project("{FAE04EC0-301F-11D3-BF4B-00C04F79EFBC}") = "BlockchainService.BlockCypherProxy", "BlockchainService.BlockCypherProxy\BlockchainService.BlockCypherProxy.csproj", "{EF46B6C1-6B46-480D-B371-9348BE0419C4}"
EndProject
Project("{FAE04EC0-301F-11D3-BF4B-00C04F79EFBC}") = "BlockchainService.BlockCypherProxy.Client", "BlockchainService.BlockCypherProxy.Client\BlockchainService.BlockCypherProxy.Client.csproj", "{5B03D6F3-B4C0-4638-88D4-563D4A29E8E8}"
EndProject
Project("{FAE04EC0-301F-11D3-BF4B-00C04F79EFBC}") = "BlockchainService.SharedTests", "BlockchainService.SharedTests\BlockchainService.SharedTests.csproj", "{6A9D59B6-4C57-4652-84F9-6870E3CF5DC0}"
EndProject
Project("{FAE04EC0-301F-11D3-BF4B-00C04F79EFBC}") = "BlockchainService.BlockCypherProxy.Client.Tests", "BlockchainService.BlockCypherProxy.Client.Tests\BlockchainService.BlockCypherProxy.Client.Tests.csproj", "{B0429D1C-E30A-47C9-BEE1-9EB35EF913B4}"
EndProject
Project("{E53339B2-1760-4266-BCC7-CA923CBCF16C}") = "docker-compose", "docker-compose.dcproj", "{F5EA1EFE-EF46-4663-AAD0-513D057FEE06}"
EndProject
Global
	GlobalSection(SolutionConfigurationPlatforms) = preSolution
		Debug|Any CPU = Debug|Any CPU
		Release|Any CPU = Release|Any CPU
	EndGlobalSection
	GlobalSection(ProjectConfigurationPlatforms) = postSolution
		{8B19DCCC-1BE2-4BDC-B444-1EE7A8FBB923}.Debug|Any CPU.ActiveCfg = Debug|Any CPU
		{8B19DCCC-1BE2-4BDC-B444-1EE7A8FBB923}.Debug|Any CPU.Build.0 = Debug|Any CPU
		{8B19DCCC-1BE2-4BDC-B444-1EE7A8FBB923}.Release|Any CPU.ActiveCfg = Release|Any CPU
		{8B19DCCC-1BE2-4BDC-B444-1EE7A8FBB923}.Release|Any CPU.Build.0 = Release|Any CPU
		{2BCB79E1-5AEC-44AE-951A-0AD7B3E9591D}.Debug|Any CPU.ActiveCfg = Debug|Any CPU
		{2BCB79E1-5AEC-44AE-951A-0AD7B3E9591D}.Debug|Any CPU.Build.0 = Debug|Any CPU
		{2BCB79E1-5AEC-44AE-951A-0AD7B3E9591D}.Release|Any CPU.ActiveCfg = Release|Any CPU
		{2BCB79E1-5AEC-44AE-951A-0AD7B3E9591D}.Release|Any CPU.Build.0 = Release|Any CPU
		{0C85D08D-CC73-43C4-84F2-8A97809F77D6}.Debug|Any CPU.ActiveCfg = Debug|Any CPU
		{0C85D08D-CC73-43C4-84F2-8A97809F77D6}.Debug|Any CPU.Build.0 = Debug|Any CPU
		{0C85D08D-CC73-43C4-84F2-8A97809F77D6}.Release|Any CPU.ActiveCfg = Release|Any CPU
		{0C85D08D-CC73-43C4-84F2-8A97809F77D6}.Release|Any CPU.Build.0 = Release|Any CPU
		{EF46B6C1-6B46-480D-B371-9348BE0419C4}.Debug|Any CPU.ActiveCfg = Debug|Any CPU
		{EF46B6C1-6B46-480D-B371-9348BE0419C4}.Debug|Any CPU.Build.0 = Debug|Any CPU
		{EF46B6C1-6B46-480D-B371-9348BE0419C4}.Release|Any CPU.ActiveCfg = Release|Any CPU
		{EF46B6C1-6B46-480D-B371-9348BE0419C4}.Release|Any CPU.Build.0 = Release|Any CPU
		{5B03D6F3-B4C0-4638-88D4-563D4A29E8E8}.Debug|Any CPU.ActiveCfg = Debug|Any CPU
		{5B03D6F3-B4C0-4638-88D4-563D4A29E8E8}.Debug|Any CPU.Build.0 = Debug|Any CPU
		{5B03D6F3-B4C0-4638-88D4-563D4A29E8E8}.Release|Any CPU.ActiveCfg = Release|Any CPU
		{5B03D6F3-B4C0-4638-88D4-563D4A29E8E8}.Release|Any CPU.Build.0 = Release|Any CPU
		{6A9D59B6-4C57-4652-84F9-6870E3CF5DC0}.Debug|Any CPU.ActiveCfg = Debug|Any CPU
		{6A9D59B6-4C57-4652-84F9-6870E3CF5DC0}.Debug|Any CPU.Build.0 = Debug|Any CPU
		{6A9D59B6-4C57-4652-84F9-6870E3CF5DC0}.Release|Any CPU.ActiveCfg = Release|Any CPU
		{6A9D59B6-4C57-4652-84F9-6870E3CF5DC0}.Release|Any CPU.Build.0 = Release|Any CPU
		{B0429D1C-E30A-47C9-BEE1-9EB35EF913B4}.Debug|Any CPU.ActiveCfg = Debug|Any CPU
		{B0429D1C-E30A-47C9-BEE1-9EB35EF913B4}.Debug|Any CPU.Build.0 = Debug|Any CPU
		{B0429D1C-E30A-47C9-BEE1-9EB35EF913B4}.Release|Any CPU.ActiveCfg = Release|Any CPU
		{B0429D1C-E30A-47C9-BEE1-9EB35EF913B4}.Release|Any CPU.Build.0 = Release|Any CPU
		{F5EA1EFE-EF46-4663-AAD0-513D057FEE06}.Debug|Any CPU.ActiveCfg = Debug|Any CPU
		{F5EA1EFE-EF46-4663-AAD0-513D057FEE06}.Debug|Any CPU.Build.0 = Debug|Any CPU
		{F5EA1EFE-EF46-4663-AAD0-513D057FEE06}.Release|Any CPU.ActiveCfg = Release|Any CPU
		{F5EA1EFE-EF46-4663-AAD0-513D057FEE06}.Release|Any CPU.Build.0 = Release|Any CPU
	EndGlobalSection
EndGlobal
